
Microsoft Visual Studio Solution File, Format Version 12.00
# Visual Studio 2012
Project("{FAE04EC0-301F-11D3-BF4B-00C04F79EFBC}") = "AzureStorageXamarin", "AzureStorageXamarin\AzureStorageXamarin.csproj", "{1DD3B4FE-57B5-489D-9F77-F69CD47B4B66}"
EndProject
Global
	GlobalSection(SolutionConfigurationPlatforms) = preSolution
		Debug|iPhoneSimulator = Debug|iPhoneSimulator
		Release|iPhone = Release|iPhone
		Release|iPhoneSimulator = Release|iPhoneSimulator
		Debug|iPhone = Debug|iPhone
	EndGlobalSection
	GlobalSection(ProjectConfigurationPlatforms) = postSolution
		{1DD3B4FE-57B5-489D-9F77-F69CD47B4B66}.Debug|iPhoneSimulator.ActiveCfg = Debug|iPhoneSimulator
		{1DD3B4FE-57B5-489D-9F77-F69CD47B4B66}.Debug|iPhoneSimulator.Build.0 = Debug|iPhoneSimulator
		{1DD3B4FE-57B5-489D-9F77-F69CD47B4B66}.Release|iPhone.ActiveCfg = Release|iPhone
		{1DD3B4FE-57B5-489D-9F77-F69CD47B4B66}.Release|iPhone.Build.0 = Release|iPhone
		{1DD3B4FE-57B5-489D-9F77-F69CD47B4B66}.Release|iPhoneSimulator.ActiveCfg = Release|iPhoneSimulator
		{1DD3B4FE-57B5-489D-9F77-F69CD47B4B66}.Release|iPhoneSimulator.Build.0 = Release|iPhoneSimulator
		{1DD3B4FE-57B5-489D-9F77-F69CD47B4B66}.Debug|iPhone.ActiveCfg = Debug|iPhone
		{1DD3B4FE-57B5-489D-9F77-F69CD47B4B66}.Debug|iPhone.Build.0 = Debug|iPhone
	EndGlobalSection
EndGlobal
